// !$*UTF8*$!
{
	archiveVersion = 1;
	classes = {
	};
	objectVersion = 46;
	objects = {

/* Begin PBXBuildFile section */
		E92960A81D79659D009A5659 /* AppDelegate.swift in Sources */ = {isa = PBXBuildFile; fileRef = E92960A71D79659D009A5659 /* AppDelegate.swift */; };
		E92960AA1D79659D009A5659 /* ViewController.swift in Sources */ = {isa = PBXBuildFile; fileRef = E92960A91D79659D009A5659 /* ViewController.swift */; };
		E92960AD1D79659D009A5659 /* Main.storyboard in Resources */ = {isa = PBXBuildFile; fileRef = E92960AB1D79659D009A5659 /* Main.storyboard */; };
		E92960AF1D79659D009A5659 /* Assets.xcassets in Resources */ = {isa = PBXBuildFile; fileRef = E92960AE1D79659D009A5659 /* Assets.xcassets */; };
		E92960B21D79659D009A5659 /* LaunchScreen.storyboard in Resources */ = {isa = PBXBuildFile; fileRef = E92960B01D79659D009A5659 /* LaunchScreen.storyboard */; };
/* End PBXBuildFile section */

/* Begin PBXFileReference section */
		E92960A41D79659D009A5659 /* Day01_letVarArray.app */ = {isa = PBXFileReference; explicitFileType = wrapper.application; includeInIndex = 0; path = Day01_letVarArray.app; sourceTree = BUILT_PRODUCTS_DIR; };
		E92960A71D79659D009A5659 /* AppDelegate.swift */ = {isa = PBXFileReference; lastKnownFileType = sourcecode.swift; path = AppDelegate.swift; sourceTree = "<group>"; };
		E92960A91D79659D009A5659 /* ViewController.swift */ = {isa = PBXFileReference; lastKnownFileType = sourcecode.swift; path = ViewController.swift; sourceTree = "<group>"; };
		E92960AC1D79659D009A5659 /* Base */ = {isa = PBXFileReference; lastKnownFileType = file.storyboard; name = Base; path = Base.lproj/Main.storyboard; sourceTree = "<group>"; };
		E92960AE1D79659D009A5659 /* Assets.xcassets */ = {isa = PBXFileReference; lastKnownFileType = folder.assetcatalog; path = Assets.xcassets; sourceTree = "<group>"; };
		E92960B11D79659D009A5659 /* Base */ = {isa = PBXFileReference; lastKnownFileType = file.storyboard; name = Base; path = Base.lproj/LaunchScreen.storyboard; sourceTree = "<group>"; };
		E92960B31D79659D009A5659 /* Info.plist */ = {isa = PBXFileReference; lastKnownFileType = text.plist.xml; path = Info.plist; sourceTree = "<group>"; };
/* End PBXFileReference section */

/* Begin PBXFrameworksBuildPhase section */
		E92960A11D79659D009A5659 /* Frameworks */ = {
			isa = PBXFrameworksBuildPhase;
			buildActionMask = 2147483647;
			files = (
			);
			runOnlyForDeploymentPostprocessing = 0;
		};
/* End PBXFrameworksBuildPhase section */

/* Begin PBXGroup section */
		E929609B1D79659D009A5659 = {
			isa = PBXGroup;
			children = (
				E92960A61D79659D009A5659 /* Day01_letVarArray */,
				E92960A51D79659D009A5659 /* Products */,
			);
			sourceTree = "<group>";
		};
		E92960A51D79659D009A5659 /* Products */ = {
			isa = PBXGroup;
			children = (
				E92960A41D79659D009A5659 /* Day01_letVarArray.app */,
			);
			name = Products;
			sourceTree = "<group>";
		};
		E92960A61D79659D009A5659 /* Day01_letVarArray */ = {
			isa = PBXGroup;
			children = (
				E92960A71D79659D009A5659 /* AppDelegate.swift */,
				E92960A91D79659D009A5659 /* ViewController.swift */,
				E92960AB1D79659D009A5659 /* Main.storyboard */,
				E92960AE1D79659D009A5659 /* Assets.xcassets */,
				E92960B01D79659D009A5659 /* LaunchScreen.storyboard */,
				E92960B31D79659D009A5659 /* Info.plist */,
			);
			path = Day01_letVarArray;
			sourceTree = "<group>";
		};
/* End PBXGroup section */

/* Begin PBXNativeTarget section */
		E92960A31D79659D009A5659 /* Day01_letVarArray */ = {
			isa = PBXNativeTarget;
			buildConfigurationList = E92960B61D79659D009A5659 /* Build configuration list for PBXNativeTarget "Day01_letVarArray" */;
			buildPhases = (
				E92960A01D79659D009A5659 /* Sources */,
				E92960A11D79659D009A5659 /* Frameworks */,
				E92960A21D79659D009A5659 /* Resources */,
			);
			buildRules = (
			);
			dependencies = (
			);
			name = Day01_letVarArray;
			productName = Day01_letVarArray;
			productReference = E92960A41D79659D009A5659 /* Day01_letVarArray.app */;
			productType = "com.apple.product-type.application";
		};
/* End PBXNativeTarget section */

/* Begin PBXProject section */
		E929609C1D79659D009A5659 /* Project object */ = {
			isa = PBXProject;
			attributes = {
				LastSwiftUpdateCheck = 0730;
				LastUpgradeCheck = 0730;
				ORGANIZATIONNAME = "Mijeong Jeon";
				TargetAttributes = {
					E92960A31D79659D009A5659 = {
						CreatedOnToolsVersion = 7.3.1;
					};
				};
			};
			buildConfigurationList = E929609F1D79659D009A5659 /* Build configuration list for PBXProject "Day01_letVarArray" */;
			compatibilityVersion = "Xcode 3.2";
			developmentRegion = English;
			hasScannedForEncodings = 0;
			knownRegions = (
				en,
				Base,
			);
			mainGroup = E929609B1D79659D009A5659;
			productRefGroup = E92960A51D79659D009A5659 /* Products */;
			projectDirPath = "";
			projectRoot = "";
			targets = (
				E92960A31D79659D009A5659 /* Day01_letVarArray */,
			);
		};
/* End PBXProject section */

/* Begin PBXResourcesBuildPhase section */
		E92960A21D79659D009A5659 /* Resources */ = {
			isa = PBXResourcesBuildPhase;
			buildActionMask = 2147483647;
			files = (
				E92960B21D79659D009A5659 /* LaunchScreen.storyboard in Resources */,
				E92960AF1D79659D009A5659 /* Assets.xcassets in Resources */,
				E92960AD1D79659D009A5659 /* Main.storyboard in Resources */,
			);
			runOnlyForDeploymentPostprocessing = 0;
		};
/* End PBXResourcesBuildPhase section */

/* Begin PBXSourcesBuildPhase section */
		E92960A01D79659D009A5659 /* Sources */ = {
			isa = PBXSourcesBuildPhase;
			buildActionMask = 2147483647;
			files = (
				E92960AA1D79659D009A5659 /* ViewController.swift in Sources */,
				E92960A81D79659D009A5659 /* AppDelegate.swift in Sources */,
			);
			runOnlyForDeploymentPostprocessing = 0;
		};
/* End PBXSourcesBuildPhase section */

/* Begin PBXVariantGroup section */
		E92960AB1D79659D009A5659 /* Main.storyboard */ = {
			isa = PBXVariantGroup;
			children = (
				E92960AC1D79659D009A5659 /* Base */,
			);
			name = Main.storyboard;
			sourceTree = "<group>";
		};
		E92960B01D79659D009A5659 /* LaunchScreen.storyboard */ = {
			isa = PBXVariantGroup;
			children = (
				E92960B11D79659D009A5659 /* Base */,
			);
			name = LaunchScreen.storyboard;
			sourceTree = "<group>";
		};
/* End PBXVariantGroup section */

/* Begin XCBuildConfiguration section */
		E92960B41D79659D009A5659 /* Debug */ = {
			isa = XCBuildConfiguration;
			buildSettings = {
				ALWAYS_SEARCH_USER_PATHS = NO;
				CLANG_ANALYZER_NONNULL = YES;
				CLANG_CXX_LANGUAGE_STANDARD = "gnu++0x";
				CLANG_CXX_LIBRARY = "libc++";
				CLANG_ENABLE_MODULES = YES;
				CLANG_ENABLE_OBJC_ARC = YES;
				CLANG_WARN_BOOL_CONVERSION = YES;
				CLANG_WARN_CONSTANT_CONVERSION = YES;
				CLANG_WARN_DIRECT_OBJC_ISA_USAGE = YES_ERROR;
				CLANG_WARN_EMPTY_BODY = YES;
				CLANG_WARN_ENUM_CONVERSION = YES;
				CLANG_WARN_INT_CONVERSION = YES;
				CLANG_WARN_OBJC_ROOT_CLASS = YES_ERROR;
				CLANG_WARN_UNREACHABLE_CODE = YES;
				CLANG_WARN__DUPLICATE_METHOD_MATCH = YES;
				"CODE_SIGN_IDENTITY[sdk=iphoneos*]" = "iPhone Developer";
				COPY_PHASE_STRIP = NO;
				DEBUG_INFORMATION_FORMAT = dwarf;
				ENABLE_STRICT_OBJC_MSGSEND = YES;
				ENABLE_TESTABILITY = YES;
				GCC_C_LANGUAGE_STANDARD = gnu99;
				GCC_DYNAMIC_NO_PIC = NO;
				GCC_NO_COMMON_BLOCKS = YES;
				GCC_OPTIMIZATION_LEVEL = 0;
				GCC_PREPROCESSOR_DEFINITIONS = (
					"DEBUG=1",
					"$(inherited)",
				);
				GCC_WARN_64_TO_32_BIT_CONVERSION = YES;
				GCC_WARN_ABOUT_RETURN_TYPE = YES_ERROR;
				GCC_WARN_UNDECLARED_SELECTOR = YES;
				GCC_WARN_UNINITIALIZED_AUTOS = YES_AGGRESSIVE;
				GCC_WARN_UNUSED_FUNCTION = YES;
				GCC_WARN_UNUSED_VARIABLE = YES;
				IPHONEOS_DEPLOYMENT_TARGET = 9.3;
				MTL_ENABLE_DEBUG_INFO = YES;
				ONLY_ACTIVE_ARCH = YES;
				SDKROOT = iphoneos;
				SWIFT_OPTIMIZATION_LEVEL = "-Onone";
				TARGETED_DEVICE_FAMILY = "1,2";
			};
			name = Debug;
		};
		E92960B51D79659D009A5659 /* Release */ = {
			isa = XCBuildConfiguration;
			buildSettings = {
				ALWAYS_SEARCH_USER_PATHS = NO;
				CLANG_ANALYZER_NONNULL = YES;
				CLANG_CXX_LANGUAGE_STANDARD = "gnu++0x";
				CLANG_CXX_LIBRARY = "libc++";
				CLANG_ENABLE_MODULES = YES;
				CLANG_ENABLE_OBJC_ARC = YES;
				CLANG_WARN_BOOL_CONVERSION = YES;
				CLANG_WARN_CONSTANT_CONVERSION = YES;
				CLANG_WARN_DIRECT_OBJC_ISA_USAGE = YES_ERROR;
				CLANG_WARN_EMPTY_BODY = YES;
				CLANG_WARN_ENUM_CONVERSION = YES;
				CLANG_WARN_INT_CONVERSION = YES;
				CLANG_WARN_OBJC_ROOT_CLASS = YES_ERROR;
				CLANG_WARN_UNREACHABLE_CODE = YES;
				CLANG_WARN__DUPLICATE_METHOD_MATCH = YES;
				"CODE_SIGN_IDENTITY[sdk=iphoneos*]" = "iPhone Developer";
				COPY_PHASE_STRIP = NO;
				DEBUG_INFORMATION_FORMAT = "dwarf-with-dsym";
				ENABLE_NS_ASSERTIONS = NO;
				ENABLE_STRICT_OBJC_MSGSEND = YES;
				GCC_C_LANGUAGE_STANDARD = gnu99;
				GCC_NO_COMMON_BLOCKS = YES;
				GCC_WARN_64_TO_32_BIT_CONVERSION = YES;
				GCC_WARN_ABOUT_RETURN_TYPE = YES_ERROR;
				GCC_WARN_UNDECLARED_SELECTOR = YES;
				GCC_WARN_UNINITIALIZED_AUTOS = YES_AGGRESSIVE;
				GCC_WARN_UNUSED_FUNCTION = YES;
				GCC_WARN_UNUSED_VARIABLE = YES;
				IPHONEOS_DEPLOYMENT_TARGET = 9.3;
				MTL_ENABLE_DEBUG_INFO = NO;
				SDKROOT = iphoneos;
				TARGETED_DEVICE_FAMILY = "1,2";
				VALIDATE_PRODUCT = YES;
			};
			name = Release;
		};
		E92960B71D79659D009A5659 /* Debug */ = {
			isa = XCBuildConfiguration;
			buildSettings = {
				ASSETCATALOG_COMPILER_APPICON_NAME = AppIcon;
				INFOPLIST_FILE = Day01_letVarArray/Info.plist;
				LD_RUNPATH_SEARCH_PATHS = "$(inherited) @executable_path/Frameworks";
				PRODUCT_BUNDLE_IDENTIFIER = "com.test.Day01-letVarArray";
				PRODUCT_NAME = "$(TARGET_NAME)";
			};
			name = Debug;
		};
		E92960B81D79659D009A5659 /* Release */ = {
			isa = XCBuildConfiguration;
			buildSettings = {
				ASSETCATALOG_COMPILER_APPICON_NAME = AppIcon;
				INFOPLIST_FILE = Day01_letVarArray/Info.plist;
				LD_RUNPATH_SEARCH_PATHS = "$(inherited) @executable_path/Frameworks";
				PRODUCT_BUNDLE_IDENTIFIER = "com.test.Day01-letVarArray";
				PRODUCT_NAME = "$(TARGET_NAME)";
			};
			name = Release;
		};
/* End XCBuildConfiguration section */

/* Begin XCConfigurationList section */
		E929609F1D79659D009A5659 /* Build configuration list for PBXProject "Day01_letVarArray" */ = {
			isa = XCConfigurationList;
			buildConfigurations = (
				E92960B41D79659D009A5659 /* Debug */,
				E92960B51D79659D009A5659 /* Release */,
			);
			defaultConfigurationIsVisible = 0;
			defaultConfigurationName = Release;
		};
		E92960B61D79659D009A5659 /* Build configuration list for PBXNativeTarget "Day01_letVarArray" */ = {
			isa = XCConfigurationList;
			buildConfigurations = (
				E92960B71D79659D009A5659 /* Debug */,
				E92960B81D79659D009A5659 /* Release */,
			);
			defaultConfigurationIsVisible = 0;
		};
/* End XCConfigurationList section */
	};
	rootObject = E929609C1D79659D009A5659 /* Project object */;
}
